
Microsoft Visual Studio Solution File, Format Version 12.00
# Visual Studio Version 16
VisualStudioVersion = 16.0.33529.622
MinimumVisualStudioVersion = 10.0.40219.1
Project("{FAE04EC0-301F-11D3-BF4B-00C04F79EFBC}") = "WebApplicationPUSGS", "WebApplicationPUSGS\WebApplicationPUSGS.csproj", "{3775D010-FE80-4021-8FCF-EE4F9CD9F1CA}"
EndProject
Global
	GlobalSection(SolutionConfigurationPlatforms) = preSolution
		Debug|Any CPU = Debug|Any CPU
		Release|Any CPU = Release|Any CPU
	EndGlobalSection
	GlobalSection(ProjectConfigurationPlatforms) = postSolution
		{3775D010-FE80-4021-8FCF-EE4F9CD9F1CA}.Debug|Any CPU.ActiveCfg = Debug|Any CPU
		{3775D010-FE80-4021-8FCF-EE4F9CD9F1CA}.Debug|Any CPU.Build.0 = Debug|Any CPU
		{3775D010-FE80-4021-8FCF-EE4F9CD9F1CA}.Release|Any CPU.ActiveCfg = Release|Any CPU
		{3775D010-FE80-4021-8FCF-EE4F9CD9F1CA}.Release|Any CPU.Build.0 = Release|Any CPU
	EndGlobalSection
	GlobalSection(SolutionProperties) = preSolution
		HideSolutionNode = FALSE
	EndGlobalSection
	GlobalSection(ExtensibilityGlobals) = postSolution
		SolutionGuid = {61CFCE79-E353-400A-9718-47A86BDA01E8}
	EndGlobalSection
EndGlobal
